
Microsoft Visual Studio Solution File, Format Version 12.00
# Visual Studio Version 17
VisualStudioVersion = 17.2.32616.157
MinimumVisualStudioVersion = 10.0.40219.1
Project("{FAE04EC0-301F-11D3-BF4B-00C04F79EFBC}") = "assignment2", "assignment2\assignment2.csproj", "{4BE6F185-0CC1-4EE4-AC8F-A4F023C690D9}"
EndProject
Global
	GlobalSection(SolutionConfigurationPlatforms) = preSolution
		Debug|Any CPU = Debug|Any CPU
		Release|Any CPU = Release|Any CPU
	EndGlobalSection
	GlobalSection(ProjectConfigurationPlatforms) = postSolution
		{4BE6F185-0CC1-4EE4-AC8F-A4F023C690D9}.Debug|Any CPU.ActiveCfg = Debug|Any CPU
		{4BE6F185-0CC1-4EE4-AC8F-A4F023C690D9}.Debug|Any CPU.Build.0 = Debug|Any CPU
		{4BE6F185-0CC1-4EE4-AC8F-A4F023C690D9}.Release|Any CPU.ActiveCfg = Release|Any CPU
		{4BE6F185-0CC1-4EE4-AC8F-A4F023C690D9}.Release|Any CPU.Build.0 = Release|Any CPU
	EndGlobalSection
	GlobalSection(SolutionProperties) = preSolution
		HideSolutionNode = FALSE
	EndGlobalSection
	GlobalSection(ExtensibilityGlobals) = postSolution
		SolutionGuid = {5B2E317D-67C0-4A76-AA04-1625E8AFD9DD}
	EndGlobalSection
EndGlobal
