
Microsoft Visual Studio Solution File, Format Version 12.00
# Visual Studio Version 17
VisualStudioVersion = 17.2.32616.157
MinimumVisualStudioVersion = 10.0.40219.1
Project("{FAE04EC0-301F-11D3-BF4B-00C04F79EFBC}") = "ConsoleApp1", "ConsoleApp1\ConsoleApp1.csproj", "{546B6DE5-BEBB-4BB4-8FD4-9F1A73BFCE38}"
EndProject
Global
	GlobalSection(SolutionConfigurationPlatforms) = preSolution
		Debug|Any CPU = Debug|Any CPU
		Release|Any CPU = Release|Any CPU
	EndGlobalSection
	GlobalSection(ProjectConfigurationPlatforms) = postSolution
		{546B6DE5-BEBB-4BB4-8FD4-9F1A73BFCE38}.Debug|Any CPU.ActiveCfg = Debug|Any CPU
		{546B6DE5-BEBB-4BB4-8FD4-9F1A73BFCE38}.Debug|Any CPU.Build.0 = Debug|Any CPU
		{546B6DE5-BEBB-4BB4-8FD4-9F1A73BFCE38}.Release|Any CPU.ActiveCfg = Release|Any CPU
		{546B6DE5-BEBB-4BB4-8FD4-9F1A73BFCE38}.Release|Any CPU.Build.0 = Release|Any CPU
	EndGlobalSection
	GlobalSection(SolutionProperties) = preSolution
		HideSolutionNode = FALSE
	EndGlobalSection
	GlobalSection(ExtensibilityGlobals) = postSolution
		SolutionGuid = {B6FC2054-BA2E-4F0B-B12A-1EFD1BCA05AE}
	EndGlobalSection
EndGlobal
